// !$*UTF8*$!
{
	archiveVersion = 1;
	classes = {
	};
	objectVersion = 46;
	objects = {

/* Begin PBXBuildFile section */
		4C1E2B051B0C75CF009B6B6B /* main.m in Sources */ = {isa = PBXBuildFile; fileRef = 4C1E2B041B0C75CF009B6B6B /* main.m */; };
		4C1E2B081B0C75CF009B6B6B /* AppDelegate.m in Sources */ = {isa = PBXBuildFile; fileRef = 4C1E2B071B0C75CF009B6B6B /* AppDelegate.m */; };
		4C1E2B0B1B0C75CF009B6B6B /* ViewController.m in Sources */ = {isa = PBXBuildFile; fileRef = 4C1E2B0A1B0C75CF009B6B6B /* ViewController.m */; };
		4C1E2B0E1B0C75CF009B6B6B /* Main.storyboard in Resources */ = {isa = PBXBuildFile; fileRef = 4C1E2B0C1B0C75CF009B6B6B /* Main.storyboard */; };
		4C1E2B101B0C75CF009B6B6B /* Images.xcassets in Resources */ = {isa = PBXBuildFile; fileRef = 4C1E2B0F1B0C75CF009B6B6B /* Images.xcassets */; };
		4C1E2B131B0C75CF009B6B6B /* LaunchScreen.xib in Resources */ = {isa = PBXBuildFile; fileRef = 4C1E2B111B0C75CF009B6B6B /* LaunchScreen.xib */; };
		4C1E2B1F1B0C75D0009B6B6B /* CGTestTests.m in Sources */ = {isa = PBXBuildFile; fileRef = 4C1E2B1E1B0C75D0009B6B6B /* CGTestTests.m */; };
		4C1E2B2D1B0C7718009B6B6B /* CGView.m in Sources */ = {isa = PBXBuildFile; fileRef = 4C1E2B2C1B0C7718009B6B6B /* CGView.m */; };
		4C65A3861B0DD69C00B36032 /* CustomIOS7AlertView.m in Sources */ = {isa = PBXBuildFile; fileRef = 4C65A3851B0DD69C00B36032 /* CustomIOS7AlertView.m */; };
		4C65A3881B0DDA8E00B36032 /* Test.strings in Resources */ = {isa = PBXBuildFile; fileRef = 4C65A3871B0DDA8E00B36032 /* Test.strings */; };
/* End PBXBuildFile section */

/* Begin PBXContainerItemProxy section */
		4C1E2B191B0C75D0009B6B6B /* PBXContainerItemProxy */ = {
			isa = PBXContainerItemProxy;
			containerPortal = 4C1E2AF71B0C75CF009B6B6B /* Project object */;
			proxyType = 1;
			remoteGlobalIDString = 4C1E2AFE1B0C75CF009B6B6B;
			remoteInfo = CGTest;
		};
/* End PBXContainerItemProxy section */

/* Begin PBXFileReference section */
		4C1E2AFF1B0C75CF009B6B6B /* CGTest.app */ = {isa = PBXFileReference; explicitFileType = wrapper.application; includeInIndex = 0; path = CGTest.app; sourceTree = BUILT_PRODUCTS_DIR; };
		4C1E2B031B0C75CF009B6B6B /* Info.plist */ = {isa = PBXFileReference; lastKnownFileType = text.plist.xml; path = Info.plist; sourceTree = "<group>"; };
		4C1E2B041B0C75CF009B6B6B /* main.m */ = {isa = PBXFileReference; lastKnownFileType = sourcecode.c.objc; path = main.m; sourceTree = "<group>"; };
		4C1E2B061B0C75CF009B6B6B /* AppDelegate.h */ = {isa = PBXFileReference; lastKnownFileType = sourcecode.c.h; path = AppDelegate.h; sourceTree = "<group>"; };
		4C1E2B071B0C75CF009B6B6B /* AppDelegate.m */ = {isa = PBXFileReference; lastKnownFileType = sourcecode.c.objc; path = AppDelegate.m; sourceTree = "<group>"; };
		4C1E2B091B0C75CF009B6B6B /* ViewController.h */ = {isa = PBXFileReference; lastKnownFileType = sourcecode.c.h; path = ViewController.h; sourceTree = "<group>"; };
		4C1E2B0A1B0C75CF009B6B6B /* ViewController.m */ = {isa = PBXFileReference; lastKnownFileType = sourcecode.c.objc; path = ViewController.m; sourceTree = "<group>"; };
		4C1E2B0D1B0C75CF009B6B6B /* Base */ = {isa = PBXFileReference; lastKnownFileType = file.storyboard; name = Base; path = Base.lproj/Main.storyboard; sourceTree = "<group>"; };
		4C1E2B0F1B0C75CF009B6B6B /* Images.xcassets */ = {isa = PBXFileReference; lastKnownFileType = folder.assetcatalog; path = Images.xcassets; sourceTree = "<group>"; };
		4C1E2B121B0C75CF009B6B6B /* Base */ = {isa = PBXFileReference; lastKnownFileType = file.xib; name = Base; path = Base.lproj/LaunchScreen.xib; sourceTree = "<group>"; };
		4C1E2B181B0C75D0009B6B6B /* CGTestTests.xctest */ = {isa = PBXFileReference; explicitFileType = wrapper.cfbundle; includeInIndex = 0; path = CGTestTests.xctest; sourceTree = BUILT_PRODUCTS_DIR; };
		4C1E2B1D1B0C75D0009B6B6B /* Info.plist */ = {isa = PBXFileReference; lastKnownFileType = text.plist.xml; path = Info.plist; sourceTree = "<group>"; };
		4C1E2B1E1B0C75D0009B6B6B /* CGTestTests.m */ = {isa = PBXFileReference; lastKnownFileType = sourcecode.c.objc; path = CGTestTests.m; sourceTree = "<group>"; };
		4C1E2B2C1B0C7718009B6B6B /* CGView.m */ = {isa = PBXFileReference; fileEncoding = 4; lastKnownFileType = sourcecode.c.objc; path = CGView.m; sourceTree = "<group>"; };
		4C1E2B2E1B0C7729009B6B6B /* CGView.h */ = {isa = PBXFileReference; lastKnownFileType = sourcecode.c.h; path = CGView.h; sourceTree = "<group>"; };
		4C65A3841B0DD69C00B36032 /* CustomIOS7AlertView.h */ = {isa = PBXFileReference; fileEncoding = 4; lastKnownFileType = sourcecode.c.h; path = CustomIOS7AlertView.h; sourceTree = "<group>"; };
		4C65A3851B0DD69C00B36032 /* CustomIOS7AlertView.m */ = {isa = PBXFileReference; fileEncoding = 4; lastKnownFileType = sourcecode.c.objc; path = CustomIOS7AlertView.m; sourceTree = "<group>"; };
		4C65A3871B0DDA8E00B36032 /* Test.strings */ = {isa = PBXFileReference; fileEncoding = 4; lastKnownFileType = text.plist.strings; path = Test.strings; sourceTree = "<group>"; };
/* End PBXFileReference section */

/* Begin PBXFrameworksBuildPhase section */
		4C1E2AFC1B0C75CF009B6B6B /* Frameworks */ = {
			isa = PBXFrameworksBuildPhase;
			buildActionMask = 2147483647;
			files = (
			);
			runOnlyForDeploymentPostprocessing = 0;
		};
		4C1E2B151B0C75D0009B6B6B /* Frameworks */ = {
			isa = PBXFrameworksBuildPhase;
			buildActionMask = 2147483647;
			files = (
			);
			runOnlyForDeploymentPostprocessing = 0;
		};
/* End PBXFrameworksBuildPhase section */

/* Begin PBXGroup section */
		4C1E2AF61B0C75CF009B6B6B = {
			isa = PBXGroup;
			children = (
				4C1E2B011B0C75CF009B6B6B /* CGTest */,
				4C1E2B1B1B0C75D0009B6B6B /* CGTestTests */,
				4C1E2B001B0C75CF009B6B6B /* Products */,
			);
			sourceTree = "<group>";
		};
		4C1E2B001B0C75CF009B6B6B /* Products */ = {
			isa = PBXGroup;
			children = (
				4C1E2AFF1B0C75CF009B6B6B /* CGTest.app */,
				4C1E2B181B0C75D0009B6B6B /* CGTestTests.xctest */,
			);
			name = Products;
			sourceTree = "<group>";
		};
		4C1E2B011B0C75CF009B6B6B /* CGTest */ = {
			isa = PBXGroup;
			children = (
				4C1E2B061B0C75CF009B6B6B /* AppDelegate.h */,
				4C1E2B071B0C75CF009B6B6B /* AppDelegate.m */,
				4C1E2B091B0C75CF009B6B6B /* ViewController.h */,
				4C1E2B0A1B0C75CF009B6B6B /* ViewController.m */,
				4C65A3871B0DDA8E00B36032 /* Test.strings */,
				4C1E2B2C1B0C7718009B6B6B /* CGView.m */,
				4C1E2B2E1B0C7729009B6B6B /* CGView.h */,
				4C1E2B0C1B0C75CF009B6B6B /* Main.storyboard */,
				4C1E2B0F1B0C75CF009B6B6B /* Images.xcassets */,
				4C1E2B111B0C75CF009B6B6B /* LaunchScreen.xib */,
				4C65A3831B0DD69C00B36032 /* CustomIOS7AlertView */,
				4C1E2B021B0C75CF009B6B6B /* Supporting Files */,
			);
			path = CGTest;
			sourceTree = "<group>";
		};
		4C1E2B021B0C75CF009B6B6B /* Supporting Files */ = {
			isa = PBXGroup;
			children = (
				4C1E2B031B0C75CF009B6B6B /* Info.plist */,
				4C1E2B041B0C75CF009B6B6B /* main.m */,
			);
			name = "Supporting Files";
			sourceTree = "<group>";
		};
		4C1E2B1B1B0C75D0009B6B6B /* CGTestTests */ = {
			isa = PBXGroup;
			children = (
				4C1E2B1E1B0C75D0009B6B6B /* CGTestTests.m */,
				4C1E2B1C1B0C75D0009B6B6B /* Supporting Files */,
			);
			path = CGTestTests;
			sourceTree = "<group>";
		};
		4C1E2B1C1B0C75D0009B6B6B /* Supporting Files */ = {
			isa = PBXGroup;
			children = (
				4C1E2B1D1B0C75D0009B6B6B /* Info.plist */,
			);
			name = "Supporting Files";
			sourceTree = "<group>";
		};
		4C65A3831B0DD69C00B36032 /* CustomIOS7AlertView */ = {
			isa = PBXGroup;
			children = (
				4C65A3841B0DD69C00B36032 /* CustomIOS7AlertView.h */,
				4C65A3851B0DD69C00B36032 /* CustomIOS7AlertView.m */,
			);
			path = CustomIOS7AlertView;
			sourceTree = "<group>";
		};
/* End PBXGroup section */

/* Begin PBXNativeTarget section */
		4C1E2AFE1B0C75CF009B6B6B /* CGTest */ = {
			isa = PBXNativeTarget;
			buildConfigurationList = 4C1E2B221B0C75D0009B6B6B /* Build configuration list for PBXNativeTarget "CGTest" */;
			buildPhases = (
				4C1E2AFB1B0C75CF009B6B6B /* Sources */,
				4C1E2AFC1B0C75CF009B6B6B /* Frameworks */,
				4C1E2AFD1B0C75CF009B6B6B /* Resources */,
			);
			buildRules = (
			);
			dependencies = (
			);
			name = CGTest;
			productName = CGTest;
			productReference = 4C1E2AFF1B0C75CF009B6B6B /* CGTest.app */;
			productType = "com.apple.product-type.application";
		};
		4C1E2B171B0C75D0009B6B6B /* CGTestTests */ = {
			isa = PBXNativeTarget;
			buildConfigurationList = 4C1E2B251B0C75D0009B6B6B /* Build configuration list for PBXNativeTarget "CGTestTests" */;
			buildPhases = (
				4C1E2B141B0C75D0009B6B6B /* Sources */,
				4C1E2B151B0C75D0009B6B6B /* Frameworks */,
				4C1E2B161B0C75D0009B6B6B /* Resources */,
			);
			buildRules = (
			);
			dependencies = (
				4C1E2B1A1B0C75D0009B6B6B /* PBXTargetDependency */,
			);
			name = CGTestTests;
			productName = CGTestTests;
			productReference = 4C1E2B181B0C75D0009B6B6B /* CGTestTests.xctest */;
			productType = "com.apple.product-type.bundle.unit-test";
		};
/* End PBXNativeTarget section */

/* Begin PBXProject section */
		4C1E2AF71B0C75CF009B6B6B /* Project object */ = {
			isa = PBXProject;
			attributes = {
				LastUpgradeCheck = 0610;
				ORGANIZATIONNAME = Wiser;
				TargetAttributes = {
					4C1E2AFE1B0C75CF009B6B6B = {
						CreatedOnToolsVersion = 6.1;
					};
					4C1E2B171B0C75D0009B6B6B = {
						CreatedOnToolsVersion = 6.1;
						TestTargetID = 4C1E2AFE1B0C75CF009B6B6B;
					};
				};
			};
			buildConfigurationList = 4C1E2AFA1B0C75CF009B6B6B /* Build configuration list for PBXProject "CGTest" */;
			compatibilityVersion = "Xcode 3.2";
			developmentRegion = English;
			hasScannedForEncodings = 0;
			knownRegions = (
				en,
				Base,
			);
			mainGroup = 4C1E2AF61B0C75CF009B6B6B;
			productRefGroup = 4C1E2B001B0C75CF009B6B6B /* Products */;
			projectDirPath = "";
			projectRoot = "";
			targets = (
				4C1E2AFE1B0C75CF009B6B6B /* CGTest */,
				4C1E2B171B0C75D0009B6B6B /* CGTestTests */,
			);
		};
/* End PBXProject section */

/* Begin PBXResourcesBuildPhase section */
		4C1E2AFD1B0C75CF009B6B6B /* Resources */ = {
			isa = PBXResourcesBuildPhase;
			buildActionMask = 2147483647;
			files = (
				4C65A3881B0DDA8E00B36032 /* Test.strings in Resources */,
				4C1E2B0E1B0C75CF009B6B6B /* Main.storyboard in Resources */,
				4C1E2B131B0C75CF009B6B6B /* LaunchScreen.xib in Resources */,
				4C1E2B101B0C75CF009B6B6B /* Images.xcassets in Resources */,
			);
			runOnlyForDeploymentPostprocessing = 0;
		};
		4C1E2B161B0C75D0009B6B6B /* Resources */ = {
			isa = PBXResourcesBuildPhase;
			buildActionMask = 2147483647;
			files = (
			);
			runOnlyForDeploymentPostprocessing = 0;
		};
/* End PBXResourcesBuildPhase section */

/* Begin PBXSourcesBuildPhase section */
		4C1E2AFB1B0C75CF009B6B6B /* Sources */ = {
			isa = PBXSourcesBuildPhase;
			buildActionMask = 2147483647;
			files = (
				4C1E2B2D1B0C7718009B6B6B /* CGView.m in Sources */,
				4C1E2B0B1B0C75CF009B6B6B /* ViewController.m in Sources */,
				4C1E2B081B0C75CF009B6B6B /* AppDelegate.m in Sources */,
				4C65A3861B0DD69C00B36032 /* CustomIOS7AlertView.m in Sources */,
				4C1E2B051B0C75CF009B6B6B /* main.m in Sources */,
			);
			runOnlyForDeploymentPostprocessing = 0;
		};
		4C1E2B141B0C75D0009B6B6B /* Sources */ = {
			isa = PBXSourcesBuildPhase;
			buildActionMask = 2147483647;
			files = (
				4C1E2B1F1B0C75D0009B6B6B /* CGTestTests.m in Sources */,
			);
			runOnlyForDeploymentPostprocessing = 0;
		};
/* End PBXSourcesBuildPhase section */

/* Begin PBXTargetDependency section */
		4C1E2B1A1B0C75D0009B6B6B /* PBXTargetDependency */ = {
			isa = PBXTargetDependency;
			target = 4C1E2AFE1B0C75CF009B6B6B /* CGTest */;
			targetProxy = 4C1E2B191B0C75D0009B6B6B /* PBXContainerItemProxy */;
		};
/* End PBXTargetDependency section */

/* Begin PBXVariantGroup section */
		4C1E2B0C1B0C75CF009B6B6B /* Main.storyboard */ = {
			isa = PBXVariantGroup;
			children = (
				4C1E2B0D1B0C75CF009B6B6B /* Base */,
			);
			name = Main.storyboard;
			sourceTree = "<group>";
		};
		4C1E2B111B0C75CF009B6B6B /* LaunchScreen.xib */ = {
			isa = PBXVariantGroup;
			children = (
				4C1E2B121B0C75CF009B6B6B /* Base */,
			);
			name = LaunchScreen.xib;
			sourceTree = "<group>";
		};
/* End PBXVariantGroup section */

/* Begin XCBuildConfiguration section */
		4C1E2B201B0C75D0009B6B6B /* Debug */ = {
			isa = XCBuildConfiguration;
			buildSettings = {
				ALWAYS_SEARCH_USER_PATHS = NO;
				CLANG_CXX_LANGUAGE_STANDARD = "gnu++0x";
				CLANG_CXX_LIBRARY = "libc++";
				CLANG_ENABLE_MODULES = YES;
				CLANG_ENABLE_OBJC_ARC = YES;
				CLANG_WARN_BOOL_CONVERSION = YES;
				CLANG_WARN_CONSTANT_CONVERSION = YES;
				CLANG_WARN_DIRECT_OBJC_ISA_USAGE = YES_ERROR;
				CLANG_WARN_EMPTY_BODY = YES;
				CLANG_WARN_ENUM_CONVERSION = YES;
				CLANG_WARN_INT_CONVERSION = YES;
				CLANG_WARN_OBJC_ROOT_CLASS = YES_ERROR;
				CLANG_WARN_UNREACHABLE_CODE = YES;
				CLANG_WARN__DUPLICATE_METHOD_MATCH = YES;
				"CODE_SIGN_IDENTITY[sdk=iphoneos*]" = "iPhone Developer";
				COPY_PHASE_STRIP = NO;
				ENABLE_STRICT_OBJC_MSGSEND = YES;
				GCC_C_LANGUAGE_STANDARD = gnu99;
				GCC_DYNAMIC_NO_PIC = NO;
				GCC_OPTIMIZATION_LEVEL = 0;
				GCC_PREPROCESSOR_DEFINITIONS = (
					"DEBUG=1",
					"$(inherited)",
				);
				GCC_SYMBOLS_PRIVATE_EXTERN = NO;
				GCC_WARN_64_TO_32_BIT_CONVERSION = YES;
				GCC_WARN_ABOUT_RETURN_TYPE = YES_ERROR;
				GCC_WARN_UNDECLARED_SELECTOR = YES;
				GCC_WARN_UNINITIALIZED_AUTOS = YES_AGGRESSIVE;
				GCC_WARN_UNUSED_FUNCTION = YES;
				GCC_WARN_UNUSED_VARIABLE = YES;
				IPHONEOS_DEPLOYMENT_TARGET = 8.1;
				MTL_ENABLE_DEBUG_INFO = YES;
				ONLY_ACTIVE_ARCH = YES;
				SDKROOT = iphoneos;
				TARGETED_DEVICE_FAMILY = "1,2";
			};
			name = Debug;
		};
		4C1E2B211B0C75D0009B6B6B /* Release */ = {
			isa = XCBuildConfiguration;
			buildSettings = {
				ALWAYS_SEARCH_USER_PATHS = NO;
				CLANG_CXX_LANGUAGE_STANDARD = "gnu++0x";
				CLANG_CXX_LIBRARY = "libc++";
				CLANG_ENABLE_MODULES = YES;
				CLANG_ENABLE_OBJC_ARC = YES;
				CLANG_WARN_BOOL_CONVERSION = YES;
				CLANG_WARN_CONSTANT_CONVERSION = YES;
				CLANG_WARN_DIRECT_OBJC_ISA_USAGE = YES_ERROR;
				CLANG_WARN_EMPTY_BODY = YES;
				CLANG_WARN_ENUM_CONVERSION = YES;
				CLANG_WARN_INT_CONVERSION = YES;
				CLANG_WARN_OBJC_ROOT_CLASS = YES_ERROR;
				CLANG_WARN_UNREACHABLE_CODE = YES;
				CLANG_WARN__DUPLICATE_METHOD_MATCH = YES;
				"CODE_SIGN_IDENTITY[sdk=iphoneos*]" = "iPhone Developer";
				COPY_PHASE_STRIP = YES;
				ENABLE_NS_ASSERTIONS = NO;
				ENABLE_STRICT_OBJC_MSGSEND = YES;
				GCC_C_LANGUAGE_STANDARD = gnu99;
				GCC_WARN_64_TO_32_BIT_CONVERSION = YES;
				GCC_WARN_ABOUT_RETURN_TYPE = YES_ERROR;
				GCC_WARN_UNDECLARED_SELECTOR = YES;
				GCC_WARN_UNINITIALIZED_AUTOS = YES_AGGRESSIVE;
				GCC_WARN_UNUSED_FUNCTION = YES;
				GCC_WARN_UNUSED_VARIABLE = YES;
				IPHONEOS_DEPLOYMENT_TARGET = 8.1;
				MTL_ENABLE_DEBUG_INFO = NO;
				SDKROOT = iphoneos;
				TARGETED_DEVICE_FAMILY = "1,2";
				VALIDATE_PRODUCT = YES;
			};
			name = Release;
		};
		4C1E2B231B0C75D0009B6B6B /* Debug */ = {
			isa = XCBuildConfiguration;
			buildSettings = {
				ASSETCATALOG_COMPILER_APPICON_NAME = AppIcon;
				INFOPLIST_FILE = CGTest/Info.plist;
				LD_RUNPATH_SEARCH_PATHS = "$(inherited) @executable_path/Frameworks";
				PRODUCT_NAME = "$(TARGET_NAME)";
			};
			name = Debug;
		};
		4C1E2B241B0C75D0009B6B6B /* Release */ = {
			isa = XCBuildConfiguration;
			buildSettings = {
				ASSETCATALOG_COMPILER_APPICON_NAME = AppIcon;
				INFOPLIST_FILE = CGTest/Info.plist;
				LD_RUNPATH_SEARCH_PATHS = "$(inherited) @executable_path/Frameworks";
				PRODUCT_NAME = "$(TARGET_NAME)";
			};
			name = Release;
		};
		4C1E2B261B0C75D0009B6B6B /* Debug */ = {
			isa = XCBuildConfiguration;
			buildSettings = {
				BUNDLE_LOADER = "$(TEST_HOST)";
				FRAMEWORK_SEARCH_PATHS = (
					"$(SDKROOT)/Developer/Library/Frameworks",
					"$(inherited)",
				);
				GCC_PREPROCESSOR_DEFINITIONS = (
					"DEBUG=1",
					"$(inherited)",
				);
				INFOPLIST_FILE = CGTestTests/Info.plist;
				LD_RUNPATH_SEARCH_PATHS = "$(inherited) @executable_path/Frameworks @loader_path/Frameworks";
				PRODUCT_NAME = "$(TARGET_NAME)";
				TEST_HOST = "$(BUILT_PRODUCTS_DIR)/CGTest.app/CGTest";
			};
			name = Debug;
		};
		4C1E2B271B0C75D0009B6B6B /* Release */ = {
			isa = XCBuildConfiguration;
			buildSettings = {
				BUNDLE_LOADER = "$(TEST_HOST)";
				FRAMEWORK_SEARCH_PATHS = (
					"$(SDKROOT)/Developer/Library/Frameworks",
					"$(inherited)",
				);
				INFOPLIST_FILE = CGTestTests/Info.plist;
				LD_RUNPATH_SEARCH_PATHS = "$(inherited) @executable_path/Frameworks @loader_path/Frameworks";
				PRODUCT_NAME = "$(TARGET_NAME)";
				TEST_HOST = "$(BUILT_PRODUCTS_DIR)/CGTest.app/CGTest";
			};
			name = Release;
		};
/* End XCBuildConfiguration section */

/* Begin XCConfigurationList section */
		4C1E2AFA1B0C75CF009B6B6B /* Build configuration list for PBXProject "CGTest" */ = {
			isa = XCConfigurationList;
			buildConfigurations = (
				4C1E2B201B0C75D0009B6B6B /* Debug */,
				4C1E2B211B0C75D0009B6B6B /* Release */,
			);
			defaultConfigurationIsVisible = 0;
			defaultConfigurationName = Release;
		};
		4C1E2B221B0C75D0009B6B6B /* Build configuration list for PBXNativeTarget "CGTest" */ = {
			isa = XCConfigurationList;
			buildConfigurations = (
				4C1E2B231B0C75D0009B6B6B /* Debug */,
				4C1E2B241B0C75D0009B6B6B /* Release */,
			);
			defaultConfigurationIsVisible = 0;
			defaultConfigurationName = Release;
		};
		4C1E2B251B0C75D0009B6B6B /* Build configuration list for PBXNativeTarget "CGTestTests" */ = {
			isa = XCConfigurationList;
			buildConfigurations = (
				4C1E2B261B0C75D0009B6B6B /* Debug */,
				4C1E2B271B0C75D0009B6B6B /* Release */,
			);
			defaultConfigurationIsVisible = 0;
			defaultConfigurationName = Release;
		};
/* End XCConfigurationList section */
	};
	rootObject = 4C1E2AF71B0C75CF009B6B6B /* Project object */;
}
